// !$*UTF8*$!
{
	archiveVersion = 1;
	classes = {
	};
	objectVersion = 46;
	objects = {

/* Begin PBXBuildFile section */
		261DC58F1BAFE86F00C1C93E /* SocketAckEmitter.swift in Sources */ = {isa = PBXBuildFile; fileRef = 261DC57F1BAFE86F00C1C93E /* SocketAckEmitter.swift */; };
		261DC5901BAFE86F00C1C93E /* SocketAckManager.swift in Sources */ = {isa = PBXBuildFile; fileRef = 261DC5801BAFE86F00C1C93E /* SocketAckManager.swift */; };
		261DC5911BAFE86F00C1C93E /* SocketAnyEvent.swift in Sources */ = {isa = PBXBuildFile; fileRef = 261DC5811BAFE86F00C1C93E /* SocketAnyEvent.swift */; };
		261DC5921BAFE86F00C1C93E /* SocketEngine.swift in Sources */ = {isa = PBXBuildFile; fileRef = 261DC5821BAFE86F00C1C93E /* SocketEngine.swift */; };
		261DC5931BAFE86F00C1C93E /* SocketEngineClient.swift in Sources */ = {isa = PBXBuildFile; fileRef = 261DC5831BAFE86F00C1C93E /* SocketEngineClient.swift */; };
		261DC5941BAFE86F00C1C93E /* SocketEventHandler.swift in Sources */ = {isa = PBXBuildFile; fileRef = 261DC5841BAFE86F00C1C93E /* SocketEventHandler.swift */; };
		261DC5951BAFE86F00C1C93E /* SocketFixUTF8.swift in Sources */ = {isa = PBXBuildFile; fileRef = 261DC5851BAFE86F00C1C93E /* SocketFixUTF8.swift */; };
		261DC5961BAFE86F00C1C93E /* SocketIOClient.swift in Sources */ = {isa = PBXBuildFile; fileRef = 261DC5861BAFE86F00C1C93E /* SocketIOClient.swift */; };
		261DC5971BAFE86F00C1C93E /* SocketIOClientStatus.swift in Sources */ = {isa = PBXBuildFile; fileRef = 261DC5871BAFE86F00C1C93E /* SocketIOClientStatus.swift */; };
		261DC5981BAFE86F00C1C93E /* SocketLogger.swift in Sources */ = {isa = PBXBuildFile; fileRef = 261DC5881BAFE86F00C1C93E /* SocketLogger.swift */; };
		261DC5991BAFE86F00C1C93E /* SocketPacket.swift in Sources */ = {isa = PBXBuildFile; fileRef = 261DC5891BAFE86F00C1C93E /* SocketPacket.swift */; };
		261DC59A1BAFE86F00C1C93E /* SocketParser.swift in Sources */ = {isa = PBXBuildFile; fileRef = 261DC58A1BAFE86F00C1C93E /* SocketParser.swift */; };
		261DC59B1BAFE86F00C1C93E /* SocketStringReader.swift in Sources */ = {isa = PBXBuildFile; fileRef = 261DC58B1BAFE86F00C1C93E /* SocketStringReader.swift */; };
		261DC59C1BAFE86F00C1C93E /* SocketTypes.swift in Sources */ = {isa = PBXBuildFile; fileRef = 261DC58C1BAFE86F00C1C93E /* SocketTypes.swift */; };
		261DC59D1BAFE86F00C1C93E /* SwiftRegex.swift in Sources */ = {isa = PBXBuildFile; fileRef = 261DC58D1BAFE86F00C1C93E /* SwiftRegex.swift */; };
		261DC59E1BAFE86F00C1C93E /* WebSocket.swift in Sources */ = {isa = PBXBuildFile; fileRef = 261DC58E1BAFE86F00C1C93E /* WebSocket.swift */; };
		268713CC1BA9226500017EDA /* Milestones.swift in Sources */ = {isa = PBXBuildFile; fileRef = 268713CB1BA9226500017EDA /* Milestones.swift */; };
		419F60131BB3078900E13E06 /* PlayerCell.swift in Sources */ = {isa = PBXBuildFile; fileRef = 419F60121BB3078900E13E06 /* PlayerCell.swift */; };
		41EE080A1B8683D2003124EB /* Player.swift in Sources */ = {isa = PBXBuildFile; fileRef = 41EE08091B8683D2003124EB /* Player.swift */; };
		B81295F91B0DA0400026F1BD /* GameKit.framework in Frameworks */ = {isa = PBXBuildFile; fileRef = B81295F81B0DA0400026F1BD /* GameKit.framework */; };
		B859A3531B0EDB9F00409FF4 /* l.swift in Sources */ = {isa = PBXBuildFile; fileRef = B859A3521B0EDB9F00409FF4 /* l.swift */; };
		B898764A1B03038B00B54926 /* AppDelegate.swift in Sources */ = {isa = PBXBuildFile; fileRef = B89876491B03038B00B54926 /* AppDelegate.swift */; };
		B898764C1B03038B00B54926 /* MainViewController.swift in Sources */ = {isa = PBXBuildFile; fileRef = B898764B1B03038B00B54926 /* MainViewController.swift */; };
		B898764F1B03038B00B54926 /* Main.storyboard in Resources */ = {isa = PBXBuildFile; fileRef = B898764D1B03038B00B54926 /* Main.storyboard */; };
		B89876511B03038B00B54926 /* Images.xcassets in Resources */ = {isa = PBXBuildFile; fileRef = B89876501B03038B00B54926 /* Images.xcassets */; };
		B89876541B03038B00B54926 /* LaunchScreen.xib in Resources */ = {isa = PBXBuildFile; fileRef = B89876521B03038B00B54926 /* LaunchScreen.xib */; };
		B89876601B03038B00B54926 /* WalkOffTests.swift in Sources */ = {isa = PBXBuildFile; fileRef = B898765F1B03038B00B54926 /* WalkOffTests.swift */; };
		B89876851B03050900B54926 /* GameManager.swift in Sources */ = {isa = PBXBuildFile; fileRef = B89876841B03050900B54926 /* GameManager.swift */; };
		B89876871B03065100B54926 /* GameKitHelper.swift in Sources */ = {isa = PBXBuildFile; fileRef = B89876861B03065100B54926 /* GameKitHelper.swift */; };
		B89876891B03068300B54926 /* Movement.swift in Sources */ = {isa = PBXBuildFile; fileRef = B89876881B03068300B54926 /* Movement.swift */; };
		B898768B1B0306A000B54926 /* GameCenterAuthorization.swift in Sources */ = {isa = PBXBuildFile; fileRef = B898768A1B0306A000B54926 /* GameCenterAuthorization.swift */; };
		B898768D1B03080D00B54926 /* NavigationController.swift in Sources */ = {isa = PBXBuildFile; fileRef = B898768C1B03080D00B54926 /* NavigationController.swift */; };
		B89876911B03099900B54926 /* Game.swift in Sources */ = {isa = PBXBuildFile; fileRef = B89876901B03099900B54926 /* Game.swift */; };
		B89876951B0309EE00B54926 /* DetailViewController.swift in Sources */ = {isa = PBXBuildFile; fileRef = B89876941B0309EE00B54926 /* DetailViewController.swift */; };
		F16B12151BE1832A002419E0 /* PowerUp.swift in Sources */ = {isa = PBXBuildFile; fileRef = F16B12141BE1832A002419E0 /* PowerUp.swift */; };
		F16B12191BE1838C002419E0 /* Chase.swift in Sources */ = {isa = PBXBuildFile; fileRef = F16B12181BE1838C002419E0 /* Chase.swift */; };
		F16B121B1BE18399002419E0 /* Challenge.swift in Sources */ = {isa = PBXBuildFile; fileRef = F16B121A1BE18399002419E0 /* Challenge.swift */; };
		F16B463E1BE1299C00D57794 /* Item.swift in Sources */ = {isa = PBXBuildFile; fileRef = F16B463D1BE1299C00D57794 /* Item.swift */; };
		F1F99F3C1BE27ECE004810DB /* PowerDown.swift in Sources */ = {isa = PBXBuildFile; fileRef = F1F99F3B1BE27ECE004810DB /* PowerDown.swift */; };
		F1F99F3E1BE2B002004810DB /* TimerInfo.swift in Sources */ = {isa = PBXBuildFile; fileRef = F1F99F3D1BE2B002004810DB /* TimerInfo.swift */; };
		F1F99F401BE2D2DE004810DB /* Offense.swift in Sources */ = {isa = PBXBuildFile; fileRef = F1F99F3F1BE2D2DE004810DB /* Offense.swift */; };
/* End PBXBuildFile section */

/* Begin PBXContainerItemProxy section */
		B898765A1B03038B00B54926 /* PBXContainerItemProxy */ = {
			isa = PBXContainerItemProxy;
			containerPortal = B898763C1B03038B00B54926 /* Project object */;
			proxyType = 1;
			remoteGlobalIDString = B89876431B03038B00B54926;
			remoteInfo = WalkOff;
		};
/* End PBXContainerItemProxy section */

/* Begin PBXFileReference section */
		261DC57F1BAFE86F00C1C93E /* SocketAckEmitter.swift */ = {isa = PBXFileReference; fileEncoding = 4; lastKnownFileType = sourcecode.swift; path = SocketAckEmitter.swift; sourceTree = "<group>"; };
		261DC5801BAFE86F00C1C93E /* SocketAckManager.swift */ = {isa = PBXFileReference; fileEncoding = 4; lastKnownFileType = sourcecode.swift; path = SocketAckManager.swift; sourceTree = "<group>"; };
		261DC5811BAFE86F00C1C93E /* SocketAnyEvent.swift */ = {isa = PBXFileReference; fileEncoding = 4; lastKnownFileType = sourcecode.swift; path = SocketAnyEvent.swift; sourceTree = "<group>"; };
		261DC5821BAFE86F00C1C93E /* SocketEngine.swift */ = {isa = PBXFileReference; fileEncoding = 4; lastKnownFileType = sourcecode.swift; path = SocketEngine.swift; sourceTree = "<group>"; };
		261DC5831BAFE86F00C1C93E /* SocketEngineClient.swift */ = {isa = PBXFileReference; fileEncoding = 4; lastKnownFileType = sourcecode.swift; path = SocketEngineClient.swift; sourceTree = "<group>"; };
		261DC5841BAFE86F00C1C93E /* SocketEventHandler.swift */ = {isa = PBXFileReference; fileEncoding = 4; lastKnownFileType = sourcecode.swift; path = SocketEventHandler.swift; sourceTree = "<group>"; };
		261DC5851BAFE86F00C1C93E /* SocketFixUTF8.swift */ = {isa = PBXFileReference; fileEncoding = 4; lastKnownFileType = sourcecode.swift; path = SocketFixUTF8.swift; sourceTree = "<group>"; };
		261DC5861BAFE86F00C1C93E /* SocketIOClient.swift */ = {isa = PBXFileReference; fileEncoding = 4; lastKnownFileType = sourcecode.swift; path = SocketIOClient.swift; sourceTree = "<group>"; };
		261DC5871BAFE86F00C1C93E /* SocketIOClientStatus.swift */ = {isa = PBXFileReference; fileEncoding = 4; lastKnownFileType = sourcecode.swift; path = SocketIOClientStatus.swift; sourceTree = "<group>"; };
		261DC5881BAFE86F00C1C93E /* SocketLogger.swift */ = {isa = PBXFileReference; fileEncoding = 4; lastKnownFileType = sourcecode.swift; path = SocketLogger.swift; sourceTree = "<group>"; };
		261DC5891BAFE86F00C1C93E /* SocketPacket.swift */ = {isa = PBXFileReference; fileEncoding = 4; lastKnownFileType = sourcecode.swift; path = SocketPacket.swift; sourceTree = "<group>"; };
		261DC58A1BAFE86F00C1C93E /* SocketParser.swift */ = {isa = PBXFileReference; fileEncoding = 4; lastKnownFileType = sourcecode.swift; path = SocketParser.swift; sourceTree = "<group>"; };
		261DC58B1BAFE86F00C1C93E /* SocketStringReader.swift */ = {isa = PBXFileReference; fileEncoding = 4; lastKnownFileType = sourcecode.swift; path = SocketStringReader.swift; sourceTree = "<group>"; };
		261DC58C1BAFE86F00C1C93E /* SocketTypes.swift */ = {isa = PBXFileReference; fileEncoding = 4; lastKnownFileType = sourcecode.swift; path = SocketTypes.swift; sourceTree = "<group>"; };
		261DC58D1BAFE86F00C1C93E /* SwiftRegex.swift */ = {isa = PBXFileReference; fileEncoding = 4; lastKnownFileType = sourcecode.swift; path = SwiftRegex.swift; sourceTree = "<group>"; };
		261DC58E1BAFE86F00C1C93E /* WebSocket.swift */ = {isa = PBXFileReference; fileEncoding = 4; lastKnownFileType = sourcecode.swift; path = WebSocket.swift; sourceTree = "<group>"; };
		268713CB1BA9226500017EDA /* Milestones.swift */ = {isa = PBXFileReference; fileEncoding = 4; lastKnownFileType = sourcecode.swift; path = Milestones.swift; sourceTree = "<group>"; };
		419F60121BB3078900E13E06 /* PlayerCell.swift */ = {isa = PBXFileReference; fileEncoding = 4; lastKnownFileType = sourcecode.swift; path = PlayerCell.swift; sourceTree = "<group>"; };
		41EE08091B8683D2003124EB /* Player.swift */ = {isa = PBXFileReference; fileEncoding = 4; lastKnownFileType = sourcecode.swift; path = Player.swift; sourceTree = "<group>"; };
		B81295F81B0DA0400026F1BD /* GameKit.framework */ = {isa = PBXFileReference; lastKnownFileType = wrapper.framework; name = GameKit.framework; path = System/Library/Frameworks/GameKit.framework; sourceTree = SDKROOT; };
		B859A3521B0EDB9F00409FF4 /* l.swift */ = {isa = PBXFileReference; fileEncoding = 4; lastKnownFileType = sourcecode.swift; path = l.swift; sourceTree = "<group>"; };
		B89876441B03038B00B54926 /* WalkOff.app */ = {isa = PBXFileReference; explicitFileType = wrapper.application; includeInIndex = 0; path = WalkOff.app; sourceTree = BUILT_PRODUCTS_DIR; };
		B89876481B03038B00B54926 /* Info.plist */ = {isa = PBXFileReference; lastKnownFileType = text.plist.xml; path = Info.plist; sourceTree = "<group>"; };
		B89876491B03038B00B54926 /* AppDelegate.swift */ = {isa = PBXFileReference; lastKnownFileType = sourcecode.swift; path = AppDelegate.swift; sourceTree = "<group>"; };
		B898764B1B03038B00B54926 /* MainViewController.swift */ = {isa = PBXFileReference; lastKnownFileType = sourcecode.swift; path = MainViewController.swift; sourceTree = "<group>"; };
		B898764E1B03038B00B54926 /* Base */ = {isa = PBXFileReference; lastKnownFileType = file.storyboard; name = Base; path = Base.lproj/Main.storyboard; sourceTree = "<group>"; };
		B89876501B03038B00B54926 /* Images.xcassets */ = {isa = PBXFileReference; lastKnownFileType = folder.assetcatalog; name = Images.xcassets; path = WalkOff/Images.xcassets; sourceTree = "<group>"; };
		B89876531B03038B00B54926 /* Base */ = {isa = PBXFileReference; lastKnownFileType = file.xib; name = Base; path = Base.lproj/LaunchScreen.xib; sourceTree = "<group>"; };
		B89876591B03038B00B54926 /* WalkOffTests.xctest */ = {isa = PBXFileReference; explicitFileType = wrapper.cfbundle; includeInIndex = 0; path = WalkOffTests.xctest; sourceTree = BUILT_PRODUCTS_DIR; };
		B898765E1B03038B00B54926 /* Info.plist */ = {isa = PBXFileReference; lastKnownFileType = text.plist.xml; path = Info.plist; sourceTree = "<group>"; };
		B898765F1B03038B00B54926 /* WalkOffTests.swift */ = {isa = PBXFileReference; lastKnownFileType = sourcecode.swift; path = WalkOffTests.swift; sourceTree = "<group>"; };
		B89876841B03050900B54926 /* GameManager.swift */ = {isa = PBXFileReference; fileEncoding = 4; lastKnownFileType = sourcecode.swift; path = GameManager.swift; sourceTree = "<group>"; };
		B89876861B03065100B54926 /* GameKitHelper.swift */ = {isa = PBXFileReference; fileEncoding = 4; lastKnownFileType = sourcecode.swift; path = GameKitHelper.swift; sourceTree = "<group>"; };
		B89876881B03068300B54926 /* Movement.swift */ = {isa = PBXFileReference; fileEncoding = 4; lastKnownFileType = sourcecode.swift; path = Movement.swift; sourceTree = "<group>"; };
		B898768A1B0306A000B54926 /* GameCenterAuthorization.swift */ = {isa = PBXFileReference; fileEncoding = 4; lastKnownFileType = sourcecode.swift; path = GameCenterAuthorization.swift; sourceTree = "<group>"; };
		B898768C1B03080D00B54926 /* NavigationController.swift */ = {isa = PBXFileReference; fileEncoding = 4; lastKnownFileType = sourcecode.swift; path = NavigationController.swift; sourceTree = "<group>"; };
		B89876901B03099900B54926 /* Game.swift */ = {isa = PBXFileReference; fileEncoding = 4; lastKnownFileType = sourcecode.swift; path = Game.swift; sourceTree = "<group>"; };
		B89876941B0309EE00B54926 /* DetailViewController.swift */ = {isa = PBXFileReference; fileEncoding = 4; lastKnownFileType = sourcecode.swift; path = DetailViewController.swift; sourceTree = "<group>"; };
		F16B12141BE1832A002419E0 /* PowerUp.swift */ = {isa = PBXFileReference; fileEncoding = 4; lastKnownFileType = sourcecode.swift; path = PowerUp.swift; sourceTree = "<group>"; };
		F16B12181BE1838C002419E0 /* Chase.swift */ = {isa = PBXFileReference; fileEncoding = 4; lastKnownFileType = sourcecode.swift; path = Chase.swift; sourceTree = "<group>"; };
		F16B121A1BE18399002419E0 /* Challenge.swift */ = {isa = PBXFileReference; fileEncoding = 4; lastKnownFileType = sourcecode.swift; path = Challenge.swift; sourceTree = "<group>"; };
		F16B463D1BE1299C00D57794 /* Item.swift */ = {isa = PBXFileReference; fileEncoding = 4; lastKnownFileType = sourcecode.swift; path = Item.swift; sourceTree = "<group>"; };
		F1F99F3B1BE27ECE004810DB /* PowerDown.swift */ = {isa = PBXFileReference; fileEncoding = 4; lastKnownFileType = sourcecode.swift; path = PowerDown.swift; sourceTree = "<group>"; };
		F1F99F3D1BE2B002004810DB /* TimerInfo.swift */ = {isa = PBXFileReference; fileEncoding = 4; lastKnownFileType = sourcecode.swift; path = TimerInfo.swift; sourceTree = "<group>"; };
		F1F99F3F1BE2D2DE004810DB /* Offense.swift */ = {isa = PBXFileReference; fileEncoding = 4; lastKnownFileType = sourcecode.swift; path = Offense.swift; sourceTree = "<group>"; };
/* End PBXFileReference section */

/* Begin PBXFrameworksBuildPhase section */
		B89876411B03038B00B54926 /* Frameworks */ = {
			isa = PBXFrameworksBuildPhase;
			buildActionMask = 2147483647;
			files = (
				B81295F91B0DA0400026F1BD /* GameKit.framework in Frameworks */,
			);
			runOnlyForDeploymentPostprocessing = 0;
		};
		B89876561B03038B00B54926 /* Frameworks */ = {
			isa = PBXFrameworksBuildPhase;
			buildActionMask = 2147483647;
			files = (
			);
			runOnlyForDeploymentPostprocessing = 0;
		};
/* End PBXFrameworksBuildPhase section */

/* Begin PBXGroup section */
		261DC57E1BAFE86F00C1C93E /* SocketIOClientSwift */ = {
			isa = PBXGroup;
			children = (
				261DC57F1BAFE86F00C1C93E /* SocketAckEmitter.swift */,
				261DC5801BAFE86F00C1C93E /* SocketAckManager.swift */,
				261DC5811BAFE86F00C1C93E /* SocketAnyEvent.swift */,
				261DC5821BAFE86F00C1C93E /* SocketEngine.swift */,
				261DC5831BAFE86F00C1C93E /* SocketEngineClient.swift */,
				261DC5841BAFE86F00C1C93E /* SocketEventHandler.swift */,
				261DC5851BAFE86F00C1C93E /* SocketFixUTF8.swift */,
				261DC5861BAFE86F00C1C93E /* SocketIOClient.swift */,
				261DC5871BAFE86F00C1C93E /* SocketIOClientStatus.swift */,
				261DC5881BAFE86F00C1C93E /* SocketLogger.swift */,
				261DC5891BAFE86F00C1C93E /* SocketPacket.swift */,
				261DC58A1BAFE86F00C1C93E /* SocketParser.swift */,
				261DC58B1BAFE86F00C1C93E /* SocketStringReader.swift */,
				261DC58C1BAFE86F00C1C93E /* SocketTypes.swift */,
				261DC58D1BAFE86F00C1C93E /* SwiftRegex.swift */,
				261DC58E1BAFE86F00C1C93E /* WebSocket.swift */,
			);
			path = SocketIOClientSwift;
			sourceTree = "<group>";
		};
		26B4CE7E1BB399F6000CE9CB /* Items */ = {
			isa = PBXGroup;
			children = (
				268713CB1BA9226500017EDA /* Milestones.swift */,
				F16B463D1BE1299C00D57794 /* Item.swift */,
				F16B12141BE1832A002419E0 /* PowerUp.swift */,
				F1F99F3B1BE27ECE004810DB /* PowerDown.swift */,
				F16B12181BE1838C002419E0 /* Chase.swift */,
				F16B121A1BE18399002419E0 /* Challenge.swift */,
				F1F99F3D1BE2B002004810DB /* TimerInfo.swift */,
				F1F99F3F1BE2D2DE004810DB /* Offense.swift */,
			);
			name = Items;
			sourceTree = "<group>";
		};
		419F60111BB3063A00E13E06 /* UI */ = {
			isa = PBXGroup;
			children = (
				B898764B1B03038B00B54926 /* MainViewController.swift */,
				B898768C1B03080D00B54926 /* NavigationController.swift */,
				B89876941B0309EE00B54926 /* DetailViewController.swift */,
				419F60121BB3078900E13E06 /* PlayerCell.swift */,
			);
			name = UI;
			sourceTree = "<group>";
		};
		419F60141BB3093900E13E06 /* Helpers */ = {
			isa = PBXGroup;
			children = (
				B859A3521B0EDB9F00409FF4 /* l.swift */,
				B89876861B03065100B54926 /* GameKitHelper.swift */,
				B89876841B03050900B54926 /* GameManager.swift */,
				B898768A1B0306A000B54926 /* GameCenterAuthorization.swift */,
			);
			name = Helpers;
			sourceTree = "<group>";
		};
		B898763B1B03038B00B54926 = {
			isa = PBXGroup;
			children = (
				B81295F81B0DA0400026F1BD /* GameKit.framework */,
				B89876461B03038B00B54926 /* WalkOff */,
				B89876501B03038B00B54926 /* Images.xcassets */,
				B89876471B03038B00B54926 /* Supporting Files */,
				B898765C1B03038B00B54926 /* WalkOffTests */,
				B89876451B03038B00B54926 /* Products */,
				261DC57E1BAFE86F00C1C93E /* SocketIOClientSwift */,
			);
			sourceTree = "<group>";
		};
		B89876451B03038B00B54926 /* Products */ = {
			isa = PBXGroup;
			children = (
				B89876441B03038B00B54926 /* WalkOff.app */,
				B89876591B03038B00B54926 /* WalkOffTests.xctest */,
			);
			name = Products;
			sourceTree = "<group>";
		};
		B89876461B03038B00B54926 /* WalkOff */ = {
			isa = PBXGroup;
			children = (
				B89876491B03038B00B54926 /* AppDelegate.swift */,
				B898764D1B03038B00B54926 /* Main.storyboard */,
				B89876901B03099900B54926 /* Game.swift */,
				41EE08091B8683D2003124EB /* Player.swift */,
				B89876881B03068300B54926 /* Movement.swift */,
				B89876521B03038B00B54926 /* LaunchScreen.xib */,
				26B4CE7E1BB399F6000CE9CB /* Items */,
				419F60111BB3063A00E13E06 /* UI */,
				419F60141BB3093900E13E06 /* Helpers */,
			);
			path = WalkOff;
			sourceTree = "<group>";
		};
		B89876471B03038B00B54926 /* Supporting Files */ = {
			isa = PBXGroup;
			children = (
				B89876481B03038B00B54926 /* Info.plist */,
			);
			name = "Supporting Files";
			path = WalkOff;
			sourceTree = "<group>";
		};
		B898765C1B03038B00B54926 /* WalkOffTests */ = {
			isa = PBXGroup;
			children = (
				B898765F1B03038B00B54926 /* WalkOffTests.swift */,
				B898765D1B03038B00B54926 /* Supporting Files */,
			);
			path = WalkOffTests;
			sourceTree = "<group>";
		};
		B898765D1B03038B00B54926 /* Supporting Files */ = {
			isa = PBXGroup;
			children = (
				B898765E1B03038B00B54926 /* Info.plist */,
			);
			name = "Supporting Files";
			sourceTree = "<group>";
		};
/* End PBXGroup section */

/* Begin PBXNativeTarget section */
		B89876431B03038B00B54926 /* WalkOff */ = {
			isa = PBXNativeTarget;
			buildConfigurationList = B89876631B03038B00B54926 /* Build configuration list for PBXNativeTarget "WalkOff" */;
			buildPhases = (
				B89876401B03038B00B54926 /* Sources */,
				B89876411B03038B00B54926 /* Frameworks */,
				B89876421B03038B00B54926 /* Resources */,
			);
			buildRules = (
			);
			dependencies = (
			);
			name = WalkOff;
			productName = WalkOff;
			productReference = B89876441B03038B00B54926 /* WalkOff.app */;
			productType = "com.apple.product-type.application";
		};
		B89876581B03038B00B54926 /* WalkOffTests */ = {
			isa = PBXNativeTarget;
			buildConfigurationList = B89876661B03038B00B54926 /* Build configuration list for PBXNativeTarget "WalkOffTests" */;
			buildPhases = (
				B89876551B03038B00B54926 /* Sources */,
				B89876561B03038B00B54926 /* Frameworks */,
				B89876571B03038B00B54926 /* Resources */,
			);
			buildRules = (
			);
			dependencies = (
				B898765B1B03038B00B54926 /* PBXTargetDependency */,
			);
			name = WalkOffTests;
			productName = WalkOffTests;
			productReference = B89876591B03038B00B54926 /* WalkOffTests.xctest */;
			productType = "com.apple.product-type.bundle.unit-test";
		};
/* End PBXNativeTarget section */

/* Begin PBXProject section */
		B898763C1B03038B00B54926 /* Project object */ = {
			isa = PBXProject;
			attributes = {
				LastSwiftMigration = 0700;
				LastSwiftUpdateCheck = 0700;
				LastUpgradeCheck = 0700;
				ORGANIZATIONNAME = "Candy Snacks";
				TargetAttributes = {
					B89876431B03038B00B54926 = {
						CreatedOnToolsVersion = 6.3;
						DevelopmentTeam = PW9745554Y;
						SystemCapabilities = {
							com.apple.BackgroundModes = {
								enabled = 1;
							};
							com.apple.GameCenter = {
								enabled = 1;
							};
						};
					};
					B89876581B03038B00B54926 = {
						CreatedOnToolsVersion = 6.3;
						TestTargetID = B89876431B03038B00B54926;
					};
				};
			};
			buildConfigurationList = B898763F1B03038B00B54926 /* Build configuration list for PBXProject "WalkOff" */;
			compatibilityVersion = "Xcode 3.2";
			developmentRegion = English;
			hasScannedForEncodings = 0;
			knownRegions = (
				en,
				Base,
			);
			mainGroup = B898763B1B03038B00B54926;
			productRefGroup = B89876451B03038B00B54926 /* Products */;
			projectDirPath = "";
			projectRoot = "";
			targets = (
				B89876431B03038B00B54926 /* WalkOff */,
				B89876581B03038B00B54926 /* WalkOffTests */,
			);
		};
/* End PBXProject section */

/* Begin PBXResourcesBuildPhase section */
		B89876421B03038B00B54926 /* Resources */ = {
			isa = PBXResourcesBuildPhase;
			buildActionMask = 2147483647;
			files = (
				B898764F1B03038B00B54926 /* Main.storyboard in Resources */,
				B89876541B03038B00B54926 /* LaunchScreen.xib in Resources */,
				B89876511B03038B00B54926 /* Images.xcassets in Resources */,
			);
			runOnlyForDeploymentPostprocessing = 0;
		};
		B89876571B03038B00B54926 /* Resources */ = {
			isa = PBXResourcesBuildPhase;
			buildActionMask = 2147483647;
			files = (
			);
			runOnlyForDeploymentPostprocessing = 0;
		};
/* End PBXResourcesBuildPhase section */

/* Begin PBXSourcesBuildPhase section */
		B89876401B03038B00B54926 /* Sources */ = {
			isa = PBXSourcesBuildPhase;
			buildActionMask = 2147483647;
			files = (
				261DC5951BAFE86F00C1C93E /* SocketFixUTF8.swift in Sources */,
				F1F99F3C1BE27ECE004810DB /* PowerDown.swift in Sources */,
				B89876891B03068300B54926 /* Movement.swift in Sources */,
				261DC5911BAFE86F00C1C93E /* SocketAnyEvent.swift in Sources */,
				B89876851B03050900B54926 /* GameManager.swift in Sources */,
				41EE080A1B8683D2003124EB /* Player.swift in Sources */,
				261DC5961BAFE86F00C1C93E /* SocketIOClient.swift in Sources */,
				261DC5931BAFE86F00C1C93E /* SocketEngineClient.swift in Sources */,
				B859A3531B0EDB9F00409FF4 /* l.swift in Sources */,
				261DC5901BAFE86F00C1C93E /* SocketAckManager.swift in Sources */,
				261DC5921BAFE86F00C1C93E /* SocketEngine.swift in Sources */,
				B898764C1B03038B00B54926 /* MainViewController.swift in Sources */,
				B89876951B0309EE00B54926 /* DetailViewController.swift in Sources */,
				F16B121B1BE18399002419E0 /* Challenge.swift in Sources */,
				261DC5971BAFE86F00C1C93E /* SocketIOClientStatus.swift in Sources */,
				F16B12191BE1838C002419E0 /* Chase.swift in Sources */,
				261DC59A1BAFE86F00C1C93E /* SocketParser.swift in Sources */,
				261DC58F1BAFE86F00C1C93E /* SocketAckEmitter.swift in Sources */,
				261DC59B1BAFE86F00C1C93E /* SocketStringReader.swift in Sources */,
				261DC5981BAFE86F00C1C93E /* SocketLogger.swift in Sources */,
				261DC5991BAFE86F00C1C93E /* SocketPacket.swift in Sources */,
				261DC59C1BAFE86F00C1C93E /* SocketTypes.swift in Sources */,
				261DC59E1BAFE86F00C1C93E /* WebSocket.swift in Sources */,
				F16B12151BE1832A002419E0 /* PowerUp.swift in Sources */,
				261DC5941BAFE86F00C1C93E /* SocketEventHandler.swift in Sources */,
				268713CC1BA9226500017EDA /* Milestones.swift in Sources */,
				F1F99F3E1BE2B002004810DB /* TimerInfo.swift in Sources */,
				B898768B1B0306A000B54926 /* GameCenterAuthorization.swift in Sources */,
				B89876911B03099900B54926 /* Game.swift in Sources */,
				261DC59D1BAFE86F00C1C93E /* SwiftRegex.swift in Sources */,
				F1F99F401BE2D2DE004810DB /* Offense.swift in Sources */,
				F16B463E1BE1299C00D57794 /* Item.swift in Sources */,
				B898764A1B03038B00B54926 /* AppDelegate.swift in Sources */,
				B898768D1B03080D00B54926 /* NavigationController.swift in Sources */,
				419F60131BB3078900E13E06 /* PlayerCell.swift in Sources */,
				B89876871B03065100B54926 /* GameKitHelper.swift in Sources */,
			);
			runOnlyForDeploymentPostprocessing = 0;
		};
		B89876551B03038B00B54926 /* Sources */ = {
			isa = PBXSourcesBuildPhase;
			buildActionMask = 2147483647;
			files = (
				B89876601B03038B00B54926 /* WalkOffTests.swift in Sources */,
			);
			runOnlyForDeploymentPostprocessing = 0;
		};
/* End PBXSourcesBuildPhase section */

/* Begin PBXTargetDependency section */
		B898765B1B03038B00B54926 /* PBXTargetDependency */ = {
			isa = PBXTargetDependency;
			target = B89876431B03038B00B54926 /* WalkOff */;
			targetProxy = B898765A1B03038B00B54926 /* PBXContainerItemProxy */;
		};
/* End PBXTargetDependency section */

/* Begin PBXVariantGroup section */
		B898764D1B03038B00B54926 /* Main.storyboard */ = {
			isa = PBXVariantGroup;
			children = (
				B898764E1B03038B00B54926 /* Base */,
			);
			name = Main.storyboard;
			sourceTree = "<group>";
		};
		B89876521B03038B00B54926 /* LaunchScreen.xib */ = {
			isa = PBXVariantGroup;
			children = (
				B89876531B03038B00B54926 /* Base */,
			);
			name = LaunchScreen.xib;
			sourceTree = "<group>";
		};
/* End PBXVariantGroup section */

/* Begin XCBuildConfiguration section */
		B89876611B03038B00B54926 /* Debug */ = {
			isa = XCBuildConfiguration;
			buildSettings = {
				ALWAYS_SEARCH_USER_PATHS = NO;
				CLANG_CXX_LANGUAGE_STANDARD = "gnu++0x";
				CLANG_CXX_LIBRARY = "libc++";
				CLANG_ENABLE_MODULES = YES;
				CLANG_ENABLE_OBJC_ARC = YES;
				CLANG_WARN_BOOL_CONVERSION = YES;
				CLANG_WARN_CONSTANT_CONVERSION = YES;
				CLANG_WARN_DIRECT_OBJC_ISA_USAGE = YES_ERROR;
				CLANG_WARN_EMPTY_BODY = YES;
				CLANG_WARN_ENUM_CONVERSION = YES;
				CLANG_WARN_INT_CONVERSION = YES;
				CLANG_WARN_OBJC_ROOT_CLASS = YES_ERROR;
				CLANG_WARN_UNREACHABLE_CODE = YES;
				CLANG_WARN__DUPLICATE_METHOD_MATCH = YES;
				"CODE_SIGN_IDENTITY[sdk=iphoneos*]" = "iPhone Developer";
				COPY_PHASE_STRIP = NO;
				DEBUG_INFORMATION_FORMAT = "dwarf-with-dsym";
				ENABLE_STRICT_OBJC_MSGSEND = YES;
				ENABLE_TESTABILITY = YES;
				GCC_C_LANGUAGE_STANDARD = gnu99;
				GCC_DYNAMIC_NO_PIC = NO;
				GCC_NO_COMMON_BLOCKS = YES;
				GCC_OPTIMIZATION_LEVEL = 0;
				GCC_PREPROCESSOR_DEFINITIONS = (
					"DEBUG=1",
					"$(inherited)",
				);
				GCC_SYMBOLS_PRIVATE_EXTERN = NO;
				GCC_WARN_64_TO_32_BIT_CONVERSION = YES;
				GCC_WARN_ABOUT_RETURN_TYPE = YES_ERROR;
				GCC_WARN_UNDECLARED_SELECTOR = YES;
				GCC_WARN_UNINITIALIZED_AUTOS = YES_AGGRESSIVE;
				GCC_WARN_UNUSED_FUNCTION = YES;
				GCC_WARN_UNUSED_VARIABLE = YES;
				IPHONEOS_DEPLOYMENT_TARGET = 9.0;
				MTL_ENABLE_DEBUG_INFO = YES;
				ONLY_ACTIVE_ARCH = YES;
				SDKROOT = iphoneos;
				SWIFT_OPTIMIZATION_LEVEL = "-Onone";
			};
			name = Debug;
		};
		B89876621B03038B00B54926 /* Release */ = {
			isa = XCBuildConfiguration;
			buildSettings = {
				ALWAYS_SEARCH_USER_PATHS = NO;
				CLANG_CXX_LANGUAGE_STANDARD = "gnu++0x";
				CLANG_CXX_LIBRARY = "libc++";
				CLANG_ENABLE_MODULES = YES;
				CLANG_ENABLE_OBJC_ARC = YES;
				CLANG_WARN_BOOL_CONVERSION = YES;
				CLANG_WARN_CONSTANT_CONVERSION = YES;
				CLANG_WARN_DIRECT_OBJC_ISA_USAGE = YES_ERROR;
				CLANG_WARN_EMPTY_BODY = YES;
				CLANG_WARN_ENUM_CONVERSION = YES;
				CLANG_WARN_INT_CONVERSION = YES;
				CLANG_WARN_OBJC_ROOT_CLASS = YES_ERROR;
				CLANG_WARN_UNREACHABLE_CODE = YES;
				CLANG_WARN__DUPLICATE_METHOD_MATCH = YES;
				"CODE_SIGN_IDENTITY[sdk=iphoneos*]" = "iPhone Developer";
				COPY_PHASE_STRIP = NO;
				DEBUG_INFORMATION_FORMAT = "dwarf-with-dsym";
				ENABLE_NS_ASSERTIONS = NO;
				ENABLE_STRICT_OBJC_MSGSEND = YES;
				GCC_C_LANGUAGE_STANDARD = gnu99;
				GCC_NO_COMMON_BLOCKS = YES;
				GCC_WARN_64_TO_32_BIT_CONVERSION = YES;
				GCC_WARN_ABOUT_RETURN_TYPE = YES_ERROR;
				GCC_WARN_UNDECLARED_SELECTOR = YES;
				GCC_WARN_UNINITIALIZED_AUTOS = YES_AGGRESSIVE;
				GCC_WARN_UNUSED_FUNCTION = YES;
				GCC_WARN_UNUSED_VARIABLE = YES;
				IPHONEOS_DEPLOYMENT_TARGET = 9.0;
				MTL_ENABLE_DEBUG_INFO = NO;
				SDKROOT = iphoneos;
				VALIDATE_PRODUCT = YES;
			};
			name = Release;
		};
		B89876641B03038B00B54926 /* Debug */ = {
			isa = XCBuildConfiguration;
			buildSettings = {
				ASSETCATALOG_COMPILER_APPICON_NAME = AppIcon;
				CODE_SIGN_IDENTITY = "iPhone Developer";
				"CODE_SIGN_IDENTITY[sdk=iphoneos*]" = "iPhone Developer";
				INFOPLIST_FILE = WalkOff/Info.plist;
				LD_RUNPATH_SEARCH_PATHS = "$(inherited) @executable_path/Frameworks";
				PRODUCT_BUNDLE_IDENTIFIER = "com.candysnacks.$(PRODUCT_NAME:rfc1034identifier)";
				PRODUCT_NAME = "$(TARGET_NAME)";
				PROVISIONING_PROFILE = "";
			};
			name = Debug;
		};
		B89876651B03038B00B54926 /* Release */ = {
			isa = XCBuildConfiguration;
			buildSettings = {
				ASSETCATALOG_COMPILER_APPICON_NAME = AppIcon;
				CODE_SIGN_IDENTITY = "iPhone Developer";
				"CODE_SIGN_IDENTITY[sdk=iphoneos*]" = "iPhone Developer";
				INFOPLIST_FILE = WalkOff/Info.plist;
				LD_RUNPATH_SEARCH_PATHS = "$(inherited) @executable_path/Frameworks";
				PRODUCT_BUNDLE_IDENTIFIER = "com.candysnacks.$(PRODUCT_NAME:rfc1034identifier)";
				PRODUCT_NAME = "$(TARGET_NAME)";
				PROVISIONING_PROFILE = "";
			};
			name = Release;
		};
		B89876671B03038B00B54926 /* Debug */ = {
			isa = XCBuildConfiguration;
			buildSettings = {
				BUNDLE_LOADER = "$(TEST_HOST)";
				FRAMEWORK_SEARCH_PATHS = (
					"$(SDKROOT)/Developer/Library/Frameworks",
					"$(inherited)",
				);
				GCC_PREPROCESSOR_DEFINITIONS = (
					"DEBUG=1",
					"$(inherited)",
				);
				INFOPLIST_FILE = WalkOffTests/Info.plist;
				LD_RUNPATH_SEARCH_PATHS = "$(inherited) @executable_path/Frameworks @loader_path/Frameworks";
				PRODUCT_BUNDLE_IDENTIFIER = "com.candysnacks.$(PRODUCT_NAME:rfc1034identifier)";
				PRODUCT_NAME = "$(TARGET_NAME)";
				TEST_HOST = "$(BUILT_PRODUCTS_DIR)/WalkOff.app/WalkOff";
			};
			name = Debug;
		};
		B89876681B03038B00B54926 /* Release */ = {
			isa = XCBuildConfiguration;
			buildSettings = {
				BUNDLE_LOADER = "$(TEST_HOST)";
				FRAMEWORK_SEARCH_PATHS = (
					"$(SDKROOT)/Developer/Library/Frameworks",
					"$(inherited)",
				);
				INFOPLIST_FILE = WalkOffTests/Info.plist;
				LD_RUNPATH_SEARCH_PATHS = "$(inherited) @executable_path/Frameworks @loader_path/Frameworks";
				PRODUCT_BUNDLE_IDENTIFIER = "com.candysnacks.$(PRODUCT_NAME:rfc1034identifier)";
				PRODUCT_NAME = "$(TARGET_NAME)";
				TEST_HOST = "$(BUILT_PRODUCTS_DIR)/WalkOff.app/WalkOff";
			};
			name = Release;
		};
/* End XCBuildConfiguration section */

/* Begin XCConfigurationList section */
		B898763F1B03038B00B54926 /* Build configuration list for PBXProject "WalkOff" */ = {
			isa = XCConfigurationList;
			buildConfigurations = (
				B89876611B03038B00B54926 /* Debug */,
				B89876621B03038B00B54926 /* Release */,
			);
			defaultConfigurationIsVisible = 0;
			defaultConfigurationName = Release;
		};
		B89876631B03038B00B54926 /* Build configuration list for PBXNativeTarget "WalkOff" */ = {
			isa = XCConfigurationList;
			buildConfigurations = (
				B89876641B03038B00B54926 /* Debug */,
				B89876651B03038B00B54926 /* Release */,
			);
			defaultConfigurationIsVisible = 0;
			defaultConfigurationName = Release;
		};
		B89876661B03038B00B54926 /* Build configuration list for PBXNativeTarget "WalkOffTests" */ = {
			isa = XCConfigurationList;
			buildConfigurations = (
				B89876671B03038B00B54926 /* Debug */,
				B89876681B03038B00B54926 /* Release */,
			);
			defaultConfigurationIsVisible = 0;
			defaultConfigurationName = Release;
		};
/* End XCConfigurationList section */
	};
	rootObject = B898763C1B03038B00B54926 /* Project object */;
}
